
Microsoft Visual Studio Solution File, Format Version 12.00
# Visual Studio Version 17
VisualStudioVersion = 17.14.36623.8 d17.14
MinimumVisualStudioVersion = 10.0.40219.1
Project("{FAE04EC0-301F-11D3-BF4B-00C04F79EFBC}") = "LogisticBackend", "LogisticBackend\LogisticBackend.csproj", "{050C8017-E624-46E7-AD7F-61B205000426}"
EndProject
Global
	GlobalSection(SolutionConfigurationPlatforms) = preSolution
		Debug|Any CPU = Debug|Any CPU
		Release|Any CPU = Release|Any CPU
	EndGlobalSection
	GlobalSection(ProjectConfigurationPlatforms) = postSolution
		{050C8017-E624-46E7-AD7F-61B205000426}.Debug|Any CPU.ActiveCfg = Debug|Any CPU
		{050C8017-E624-46E7-AD7F-61B205000426}.Debug|Any CPU.Build.0 = Debug|Any CPU
		{050C8017-E624-46E7-AD7F-61B205000426}.Release|Any CPU.ActiveCfg = Release|Any CPU
		{050C8017-E624-46E7-AD7F-61B205000426}.Release|Any CPU.Build.0 = Release|Any CPU
	EndGlobalSection
	GlobalSection(SolutionProperties) = preSolution
		HideSolutionNode = FALSE
	EndGlobalSection
	GlobalSection(ExtensibilityGlobals) = postSolution
		SolutionGuid = {D07C7293-93AF-43AA-8CB6-2ECBE4D50406}
	EndGlobalSection
EndGlobal
